// !$*UTF8*$!
{
	archiveVersion = 1;
	classes = {
	};
	objectVersion = 50;
	objects = {

/* Begin PBXBuildFile section */
		060C826D50A4A0014B3EF5C9 /* Pods_RedditGallery_RedditGalleryUITests.framework in Frameworks */ = {isa = PBXBuildFile; fileRef = A0AF869FF28A7F77DA02FCE4 /* Pods_RedditGallery_RedditGalleryUITests.framework */; };
		1D27B42B24B9D08E000AEC9B /* Coordinator.swift in Sources */ = {isa = PBXBuildFile; fileRef = 1D27B42A24B9D08E000AEC9B /* Coordinator.swift */; };
		1D27B43024B9D284000AEC9B /* GalleryViewController.swift in Sources */ = {isa = PBXBuildFile; fileRef = 1D27B42F24B9D284000AEC9B /* GalleryViewController.swift */; };
		1D27B43224B9D2A2000AEC9B /* GalleryViewModel.swift in Sources */ = {isa = PBXBuildFile; fileRef = 1D27B43124B9D2A2000AEC9B /* GalleryViewModel.swift */; };
		1D27B43524B9D2C3000AEC9B /* GalleryViewModelProtocol.swift in Sources */ = {isa = PBXBuildFile; fileRef = 1D27B43424B9D2C3000AEC9B /* GalleryViewModelProtocol.swift */; };
		1D27B43724B9D2D5000AEC9B /* GalleryViewControllerProtocol.swift in Sources */ = {isa = PBXBuildFile; fileRef = 1D27B43624B9D2D5000AEC9B /* GalleryViewControllerProtocol.swift */; };
		1D27B43C24B9D521000AEC9B /* GalleryCoordinator.swift in Sources */ = {isa = PBXBuildFile; fileRef = 1D27B43B24B9D521000AEC9B /* GalleryCoordinator.swift */; };
		1D27B43E24B9D52F000AEC9B /* GalleryCoordinatorProtocol.swift in Sources */ = {isa = PBXBuildFile; fileRef = 1D27B43D24B9D52F000AEC9B /* GalleryCoordinatorProtocol.swift */; };
		1D27B44224B9D65B000AEC9B /* GallerySettingsViewController.swift in Sources */ = {isa = PBXBuildFile; fileRef = 1D27B44124B9D65B000AEC9B /* GallerySettingsViewController.swift */; };
		1D27B44424B9D668000AEC9B /* GallerySettingsViewControllerProtocol.swift in Sources */ = {isa = PBXBuildFile; fileRef = 1D27B44324B9D668000AEC9B /* GallerySettingsViewControllerProtocol.swift */; };
		1D27B44624B9D691000AEC9B /* GallerySettingsViewModel.swift in Sources */ = {isa = PBXBuildFile; fileRef = 1D27B44524B9D691000AEC9B /* GallerySettingsViewModel.swift */; };
		1D27B44824B9D6B1000AEC9B /* GallerySettingsViewModelProtocol.swift in Sources */ = {isa = PBXBuildFile; fileRef = 1D27B44724B9D6B1000AEC9B /* GallerySettingsViewModelProtocol.swift */; };
		1D27B44A24B9DB7A000AEC9B /* CoordinatorProtocol.swift in Sources */ = {isa = PBXBuildFile; fileRef = 1D27B44924B9DB7A000AEC9B /* CoordinatorProtocol.swift */; };
		1D8997D224B8E54500003315 /* AppDelegate.swift in Sources */ = {isa = PBXBuildFile; fileRef = 1D8997D124B8E54500003315 /* AppDelegate.swift */; };
		1D8997D424B8E54500003315 /* SceneDelegate.swift in Sources */ = {isa = PBXBuildFile; fileRef = 1D8997D324B8E54500003315 /* SceneDelegate.swift */; };
		1D8997DB24B8E54500003315 /* Gallery.storyboard in Resources */ = {isa = PBXBuildFile; fileRef = 1D8997D924B8E54500003315 /* Gallery.storyboard */; };
		1D8997DD24B8E54600003315 /* Assets.xcassets in Resources */ = {isa = PBXBuildFile; fileRef = 1D8997DC24B8E54600003315 /* Assets.xcassets */; };
		1D8997E024B8E54600003315 /* LaunchScreen.storyboard in Resources */ = {isa = PBXBuildFile; fileRef = 1D8997DE24B8E54600003315 /* LaunchScreen.storyboard */; };
		1D8997EB24B8E54700003315 /* RedditGalleryTests.swift in Sources */ = {isa = PBXBuildFile; fileRef = 1D8997EA24B8E54700003315 /* RedditGalleryTests.swift */; };
		1D8997F624B8E54700003315 /* RedditGalleryUITests.swift in Sources */ = {isa = PBXBuildFile; fileRef = 1D8997F524B8E54700003315 /* RedditGalleryUITests.swift */; };
		89431F5E5FC3C6584D6806BF /* Pods_RedditGalleryTests.framework in Frameworks */ = {isa = PBXBuildFile; fileRef = 83D8B14AE1B18EBF1F338064 /* Pods_RedditGalleryTests.framework */; };
		F0F637391B230F2660874161 /* Pods_RedditGallery.framework in Frameworks */ = {isa = PBXBuildFile; fileRef = 5B9F5A8A5E5CF45D812A0BC6 /* Pods_RedditGallery.framework */; };
/* End PBXBuildFile section */

/* Begin PBXContainerItemProxy section */
		1D8997E724B8E54700003315 /* PBXContainerItemProxy */ = {
			isa = PBXContainerItemProxy;
			containerPortal = 1D8997C624B8E54500003315 /* Project object */;
			proxyType = 1;
			remoteGlobalIDString = 1D8997CD24B8E54500003315;
			remoteInfo = RedditGallery;
		};
		1D8997F224B8E54700003315 /* PBXContainerItemProxy */ = {
			isa = PBXContainerItemProxy;
			containerPortal = 1D8997C624B8E54500003315 /* Project object */;
			proxyType = 1;
			remoteGlobalIDString = 1D8997CD24B8E54500003315;
			remoteInfo = RedditGallery;
		};
/* End PBXContainerItemProxy section */

/* Begin PBXFileReference section */
		1D27B42A24B9D08E000AEC9B /* Coordinator.swift */ = {isa = PBXFileReference; lastKnownFileType = sourcecode.swift; path = Coordinator.swift; sourceTree = "<group>"; };
		1D27B42F24B9D284000AEC9B /* GalleryViewController.swift */ = {isa = PBXFileReference; lastKnownFileType = sourcecode.swift; path = GalleryViewController.swift; sourceTree = "<group>"; };
		1D27B43124B9D2A2000AEC9B /* GalleryViewModel.swift */ = {isa = PBXFileReference; lastKnownFileType = sourcecode.swift; path = GalleryViewModel.swift; sourceTree = "<group>"; };
		1D27B43424B9D2C3000AEC9B /* GalleryViewModelProtocol.swift */ = {isa = PBXFileReference; lastKnownFileType = sourcecode.swift; path = GalleryViewModelProtocol.swift; sourceTree = "<group>"; };
		1D27B43624B9D2D5000AEC9B /* GalleryViewControllerProtocol.swift */ = {isa = PBXFileReference; lastKnownFileType = sourcecode.swift; path = GalleryViewControllerProtocol.swift; sourceTree = "<group>"; };
		1D27B43B24B9D521000AEC9B /* GalleryCoordinator.swift */ = {isa = PBXFileReference; lastKnownFileType = sourcecode.swift; path = GalleryCoordinator.swift; sourceTree = "<group>"; };
		1D27B43D24B9D52F000AEC9B /* GalleryCoordinatorProtocol.swift */ = {isa = PBXFileReference; lastKnownFileType = sourcecode.swift; path = GalleryCoordinatorProtocol.swift; sourceTree = "<group>"; };
		1D27B44124B9D65B000AEC9B /* GallerySettingsViewController.swift */ = {isa = PBXFileReference; lastKnownFileType = sourcecode.swift; path = GallerySettingsViewController.swift; sourceTree = "<group>"; };
		1D27B44324B9D668000AEC9B /* GallerySettingsViewControllerProtocol.swift */ = {isa = PBXFileReference; lastKnownFileType = sourcecode.swift; path = GallerySettingsViewControllerProtocol.swift; sourceTree = "<group>"; };
		1D27B44524B9D691000AEC9B /* GallerySettingsViewModel.swift */ = {isa = PBXFileReference; lastKnownFileType = sourcecode.swift; path = GallerySettingsViewModel.swift; sourceTree = "<group>"; };
		1D27B44724B9D6B1000AEC9B /* GallerySettingsViewModelProtocol.swift */ = {isa = PBXFileReference; lastKnownFileType = sourcecode.swift; path = GallerySettingsViewModelProtocol.swift; sourceTree = "<group>"; };
		1D27B44924B9DB7A000AEC9B /* CoordinatorProtocol.swift */ = {isa = PBXFileReference; lastKnownFileType = sourcecode.swift; path = CoordinatorProtocol.swift; sourceTree = "<group>"; };
		1D8997CE24B8E54500003315 /* RedditGallery.app */ = {isa = PBXFileReference; explicitFileType = wrapper.application; includeInIndex = 0; path = RedditGallery.app; sourceTree = BUILT_PRODUCTS_DIR; };
		1D8997D124B8E54500003315 /* AppDelegate.swift */ = {isa = PBXFileReference; lastKnownFileType = sourcecode.swift; path = AppDelegate.swift; sourceTree = "<group>"; };
		1D8997D324B8E54500003315 /* SceneDelegate.swift */ = {isa = PBXFileReference; lastKnownFileType = sourcecode.swift; path = SceneDelegate.swift; sourceTree = "<group>"; };
		1D8997DA24B8E54500003315 /* Base */ = {isa = PBXFileReference; lastKnownFileType = file.storyboard; name = Base; path = Base.lproj/Gallery.storyboard; sourceTree = "<group>"; };
		1D8997DC24B8E54600003315 /* Assets.xcassets */ = {isa = PBXFileReference; lastKnownFileType = folder.assetcatalog; path = Assets.xcassets; sourceTree = "<group>"; };
		1D8997DF24B8E54600003315 /* Base */ = {isa = PBXFileReference; lastKnownFileType = file.storyboard; name = Base; path = Base.lproj/LaunchScreen.storyboard; sourceTree = "<group>"; };
		1D8997E124B8E54600003315 /* Info.plist */ = {isa = PBXFileReference; lastKnownFileType = text.plist.xml; path = Info.plist; sourceTree = "<group>"; };
		1D8997E624B8E54700003315 /* RedditGalleryTests.xctest */ = {isa = PBXFileReference; explicitFileType = wrapper.cfbundle; includeInIndex = 0; path = RedditGalleryTests.xctest; sourceTree = BUILT_PRODUCTS_DIR; };
		1D8997EA24B8E54700003315 /* RedditGalleryTests.swift */ = {isa = PBXFileReference; lastKnownFileType = sourcecode.swift; path = RedditGalleryTests.swift; sourceTree = "<group>"; };
		1D8997EC24B8E54700003315 /* Info.plist */ = {isa = PBXFileReference; lastKnownFileType = text.plist.xml; path = Info.plist; sourceTree = "<group>"; };
		1D8997F124B8E54700003315 /* RedditGalleryUITests.xctest */ = {isa = PBXFileReference; explicitFileType = wrapper.cfbundle; includeInIndex = 0; path = RedditGalleryUITests.xctest; sourceTree = BUILT_PRODUCTS_DIR; };
		1D8997F524B8E54700003315 /* RedditGalleryUITests.swift */ = {isa = PBXFileReference; lastKnownFileType = sourcecode.swift; path = RedditGalleryUITests.swift; sourceTree = "<group>"; };
		1D8997F724B8E54700003315 /* Info.plist */ = {isa = PBXFileReference; lastKnownFileType = text.plist.xml; path = Info.plist; sourceTree = "<group>"; };
		1F67F3322E5925BA0809DAED /* Pods-RedditGallery-RedditGalleryUITests.debug.xcconfig */ = {isa = PBXFileReference; includeInIndex = 1; lastKnownFileType = text.xcconfig; name = "Pods-RedditGallery-RedditGalleryUITests.debug.xcconfig"; path = "Target Support Files/Pods-RedditGallery-RedditGalleryUITests/Pods-RedditGallery-RedditGalleryUITests.debug.xcconfig"; sourceTree = "<group>"; };
		43F18D26048C8D90A5C4D122 /* Pods-RedditGallery-RedditGalleryUITests.release.xcconfig */ = {isa = PBXFileReference; includeInIndex = 1; lastKnownFileType = text.xcconfig; name = "Pods-RedditGallery-RedditGalleryUITests.release.xcconfig"; path = "Target Support Files/Pods-RedditGallery-RedditGalleryUITests/Pods-RedditGallery-RedditGalleryUITests.release.xcconfig"; sourceTree = "<group>"; };
		5B9F5A8A5E5CF45D812A0BC6 /* Pods_RedditGallery.framework */ = {isa = PBXFileReference; explicitFileType = wrapper.framework; includeInIndex = 0; path = Pods_RedditGallery.framework; sourceTree = BUILT_PRODUCTS_DIR; };
		79C2EC68A83C1FE1E351CFA2 /* Pods-RedditGallery.debug.xcconfig */ = {isa = PBXFileReference; includeInIndex = 1; lastKnownFileType = text.xcconfig; name = "Pods-RedditGallery.debug.xcconfig"; path = "Target Support Files/Pods-RedditGallery/Pods-RedditGallery.debug.xcconfig"; sourceTree = "<group>"; };
		83D8B14AE1B18EBF1F338064 /* Pods_RedditGalleryTests.framework */ = {isa = PBXFileReference; explicitFileType = wrapper.framework; includeInIndex = 0; path = Pods_RedditGalleryTests.framework; sourceTree = BUILT_PRODUCTS_DIR; };
		9FF531BB9EACA00D2972CFFE /* Pods-RedditGalleryTests.release.xcconfig */ = {isa = PBXFileReference; includeInIndex = 1; lastKnownFileType = text.xcconfig; name = "Pods-RedditGalleryTests.release.xcconfig"; path = "Target Support Files/Pods-RedditGalleryTests/Pods-RedditGalleryTests.release.xcconfig"; sourceTree = "<group>"; };
		A0AF869FF28A7F77DA02FCE4 /* Pods_RedditGallery_RedditGalleryUITests.framework */ = {isa = PBXFileReference; explicitFileType = wrapper.framework; includeInIndex = 0; path = Pods_RedditGallery_RedditGalleryUITests.framework; sourceTree = BUILT_PRODUCTS_DIR; };
		DC003FC5AF1A8BB0569558A0 /* Pods-RedditGallery.release.xcconfig */ = {isa = PBXFileReference; includeInIndex = 1; lastKnownFileType = text.xcconfig; name = "Pods-RedditGallery.release.xcconfig"; path = "Target Support Files/Pods-RedditGallery/Pods-RedditGallery.release.xcconfig"; sourceTree = "<group>"; };
		E718EB01636B625000BBA55D /* Pods-RedditGalleryTests.debug.xcconfig */ = {isa = PBXFileReference; includeInIndex = 1; lastKnownFileType = text.xcconfig; name = "Pods-RedditGalleryTests.debug.xcconfig"; path = "Target Support Files/Pods-RedditGalleryTests/Pods-RedditGalleryTests.debug.xcconfig"; sourceTree = "<group>"; };
/* End PBXFileReference section */

/* Begin PBXFrameworksBuildPhase section */
		1D8997CB24B8E54500003315 /* Frameworks */ = {
			isa = PBXFrameworksBuildPhase;
			buildActionMask = 2147483647;
			files = (
				F0F637391B230F2660874161 /* Pods_RedditGallery.framework in Frameworks */,
			);
			runOnlyForDeploymentPostprocessing = 0;
		};
		1D8997E324B8E54700003315 /* Frameworks */ = {
			isa = PBXFrameworksBuildPhase;
			buildActionMask = 2147483647;
			files = (
				89431F5E5FC3C6584D6806BF /* Pods_RedditGalleryTests.framework in Frameworks */,
			);
			runOnlyForDeploymentPostprocessing = 0;
		};
		1D8997EE24B8E54700003315 /* Frameworks */ = {
			isa = PBXFrameworksBuildPhase;
			buildActionMask = 2147483647;
			files = (
				060C826D50A4A0014B3EF5C9 /* Pods_RedditGallery_RedditGalleryUITests.framework in Frameworks */,
			);
			runOnlyForDeploymentPostprocessing = 0;
		};
/* End PBXFrameworksBuildPhase section */

/* Begin PBXGroup section */
		1D27B42E24B9D240000AEC9B /* Gallery */ = {
			isa = PBXGroup;
			children = (
				1D27B43324B9D2A6000AEC9B /* Protocols */,
				1D8997D924B8E54500003315 /* Gallery.storyboard */,
				1D27B42F24B9D284000AEC9B /* GalleryViewController.swift */,
				1D27B43124B9D2A2000AEC9B /* GalleryViewModel.swift */,
				1D27B44124B9D65B000AEC9B /* GallerySettingsViewController.swift */,
				1D27B44524B9D691000AEC9B /* GallerySettingsViewModel.swift */,
				1D27B43B24B9D521000AEC9B /* GalleryCoordinator.swift */,
			);
			path = Gallery;
			sourceTree = "<group>";
		};
		1D27B43324B9D2A6000AEC9B /* Protocols */ = {
			isa = PBXGroup;
			children = (
				1D27B43424B9D2C3000AEC9B /* GalleryViewModelProtocol.swift */,
				1D27B43624B9D2D5000AEC9B /* GalleryViewControllerProtocol.swift */,
				1D27B43D24B9D52F000AEC9B /* GalleryCoordinatorProtocol.swift */,
				1D27B44324B9D668000AEC9B /* GallerySettingsViewControllerProtocol.swift */,
				1D27B44724B9D6B1000AEC9B /* GallerySettingsViewModelProtocol.swift */,
			);
			path = Protocols;
			sourceTree = "<group>";
		};
		1D27B43824B9D390000AEC9B /* Modules */ = {
			isa = PBXGroup;
			children = (
				1D27B42E24B9D240000AEC9B /* Gallery */,
			);
			path = Modules;
			sourceTree = "<group>";
		};
		1D27B43924B9D39F000AEC9B /* Services */ = {
			isa = PBXGroup;
			children = (
			);
			path = Services;
			sourceTree = "<group>";
		};
		1D27B43A24B9D3CB000AEC9B /* Entities */ = {
			isa = PBXGroup;
			children = (
			);
			path = Entities;
			sourceTree = "<group>";
		};
		1D8997C524B8E54500003315 = {
			isa = PBXGroup;
			children = (
				1D8997D024B8E54500003315 /* RedditGallery */,
				1D8997E924B8E54700003315 /* RedditGalleryTests */,
				1D8997F424B8E54700003315 /* RedditGalleryUITests */,
				1D8997CF24B8E54500003315 /* Products */,
				E62CBE6F39B7FC94F973A2E8 /* Pods */,
				C22217108A51061148A511BB /* Frameworks */,
			);
			sourceTree = "<group>";
		};
		1D8997CF24B8E54500003315 /* Products */ = {
			isa = PBXGroup;
			children = (
				1D8997CE24B8E54500003315 /* RedditGallery.app */,
				1D8997E624B8E54700003315 /* RedditGalleryTests.xctest */,
				1D8997F124B8E54700003315 /* RedditGalleryUITests.xctest */,
			);
			name = Products;
			sourceTree = "<group>";
		};
		1D8997D024B8E54500003315 /* RedditGallery */ = {
			isa = PBXGroup;
			children = (
				1D8997D124B8E54500003315 /* AppDelegate.swift */,
				1D8997D324B8E54500003315 /* SceneDelegate.swift */,
				1D27B44924B9DB7A000AEC9B /* CoordinatorProtocol.swift */,
				1D27B42A24B9D08E000AEC9B /* Coordinator.swift */,
				1D27B43A24B9D3CB000AEC9B /* Entities */,
				1D27B43824B9D390000AEC9B /* Modules */,
				1D27B43924B9D39F000AEC9B /* Services */,
				1D8997DC24B8E54600003315 /* Assets.xcassets */,
				1D8997DE24B8E54600003315 /* LaunchScreen.storyboard */,
				1D8997E124B8E54600003315 /* Info.plist */,
			);
			path = RedditGallery;
			sourceTree = "<group>";
		};
		1D8997E924B8E54700003315 /* RedditGalleryTests */ = {
			isa = PBXGroup;
			children = (
				1D8997EA24B8E54700003315 /* RedditGalleryTests.swift */,
				1D8997EC24B8E54700003315 /* Info.plist */,
			);
			path = RedditGalleryTests;
			sourceTree = "<group>";
		};
		1D8997F424B8E54700003315 /* RedditGalleryUITests */ = {
			isa = PBXGroup;
			children = (
				1D8997F524B8E54700003315 /* RedditGalleryUITests.swift */,
				1D8997F724B8E54700003315 /* Info.plist */,
			);
			path = RedditGalleryUITests;
			sourceTree = "<group>";
		};
		C22217108A51061148A511BB /* Frameworks */ = {
			isa = PBXGroup;
			children = (
				5B9F5A8A5E5CF45D812A0BC6 /* Pods_RedditGallery.framework */,
				A0AF869FF28A7F77DA02FCE4 /* Pods_RedditGallery_RedditGalleryUITests.framework */,
				83D8B14AE1B18EBF1F338064 /* Pods_RedditGalleryTests.framework */,
			);
			name = Frameworks;
			sourceTree = "<group>";
		};
		E62CBE6F39B7FC94F973A2E8 /* Pods */ = {
			isa = PBXGroup;
			children = (
				79C2EC68A83C1FE1E351CFA2 /* Pods-RedditGallery.debug.xcconfig */,
				DC003FC5AF1A8BB0569558A0 /* Pods-RedditGallery.release.xcconfig */,
				1F67F3322E5925BA0809DAED /* Pods-RedditGallery-RedditGalleryUITests.debug.xcconfig */,
				43F18D26048C8D90A5C4D122 /* Pods-RedditGallery-RedditGalleryUITests.release.xcconfig */,
				E718EB01636B625000BBA55D /* Pods-RedditGalleryTests.debug.xcconfig */,
				9FF531BB9EACA00D2972CFFE /* Pods-RedditGalleryTests.release.xcconfig */,
			);
			path = Pods;
			sourceTree = "<group>";
		};
/* End PBXGroup section */

/* Begin PBXNativeTarget section */
		1D8997CD24B8E54500003315 /* RedditGallery */ = {
			isa = PBXNativeTarget;
			buildConfigurationList = 1D8997FA24B8E54700003315 /* Build configuration list for PBXNativeTarget "RedditGallery" */;
			buildPhases = (
				123E112882B1594189FA8301 /* [CP] Check Pods Manifest.lock */,
				1D8997CA24B8E54500003315 /* Sources */,
				1D8997CB24B8E54500003315 /* Frameworks */,
				1D8997CC24B8E54500003315 /* Resources */,
			);
			buildRules = (
			);
			dependencies = (
			);
			name = RedditGallery;
			productName = RedditGallery;
			productReference = 1D8997CE24B8E54500003315 /* RedditGallery.app */;
			productType = "com.apple.product-type.application";
		};
		1D8997E524B8E54700003315 /* RedditGalleryTests */ = {
			isa = PBXNativeTarget;
			buildConfigurationList = 1D8997FD24B8E54700003315 /* Build configuration list for PBXNativeTarget "RedditGalleryTests" */;
			buildPhases = (
				3C2DB0E4B8AE535B600F41B9 /* [CP] Check Pods Manifest.lock */,
				1D8997E224B8E54700003315 /* Sources */,
				1D8997E324B8E54700003315 /* Frameworks */,
				1D8997E424B8E54700003315 /* Resources */,
			);
			buildRules = (
			);
			dependencies = (
				1D8997E824B8E54700003315 /* PBXTargetDependency */,
			);
			name = RedditGalleryTests;
			productName = RedditGalleryTests;
			productReference = 1D8997E624B8E54700003315 /* RedditGalleryTests.xctest */;
			productType = "com.apple.product-type.bundle.unit-test";
		};
		1D8997F024B8E54700003315 /* RedditGalleryUITests */ = {
			isa = PBXNativeTarget;
			buildConfigurationList = 1D89980024B8E54700003315 /* Build configuration list for PBXNativeTarget "RedditGalleryUITests" */;
			buildPhases = (
				D0B4B59BF351716CB537EC44 /* [CP] Check Pods Manifest.lock */,
				1D8997ED24B8E54700003315 /* Sources */,
				1D8997EE24B8E54700003315 /* Frameworks */,
				1D8997EF24B8E54700003315 /* Resources */,
			);
			buildRules = (
			);
			dependencies = (
				1D8997F324B8E54700003315 /* PBXTargetDependency */,
			);
			name = RedditGalleryUITests;
			productName = RedditGalleryUITests;
			productReference = 1D8997F124B8E54700003315 /* RedditGalleryUITests.xctest */;
			productType = "com.apple.product-type.bundle.ui-testing";
		};
/* End PBXNativeTarget section */

/* Begin PBXProject section */
		1D8997C624B8E54500003315 /* Project object */ = {
			isa = PBXProject;
			attributes = {
				LastSwiftUpdateCheck = 1140;
				LastUpgradeCheck = 1140;
				ORGANIZATIONNAME = "Andrea Cerra";
				TargetAttributes = {
					1D8997CD24B8E54500003315 = {
						CreatedOnToolsVersion = 11.4.1;
					};
					1D8997E524B8E54700003315 = {
						CreatedOnToolsVersion = 11.4.1;
						TestTargetID = 1D8997CD24B8E54500003315;
					};
					1D8997F024B8E54700003315 = {
						CreatedOnToolsVersion = 11.4.1;
						TestTargetID = 1D8997CD24B8E54500003315;
					};
				};
			};
			buildConfigurationList = 1D8997C924B8E54500003315 /* Build configuration list for PBXProject "RedditGallery" */;
			compatibilityVersion = "Xcode 9.3";
			developmentRegion = en;
			hasScannedForEncodings = 0;
			knownRegions = (
				en,
				Base,
			);
			mainGroup = 1D8997C524B8E54500003315;
			productRefGroup = 1D8997CF24B8E54500003315 /* Products */;
			projectDirPath = "";
			projectRoot = "";
			targets = (
				1D8997CD24B8E54500003315 /* RedditGallery */,
				1D8997E524B8E54700003315 /* RedditGalleryTests */,
				1D8997F024B8E54700003315 /* RedditGalleryUITests */,
			);
		};
/* End PBXProject section */

/* Begin PBXResourcesBuildPhase section */
		1D8997CC24B8E54500003315 /* Resources */ = {
			isa = PBXResourcesBuildPhase;
			buildActionMask = 2147483647;
			files = (
				1D8997E024B8E54600003315 /* LaunchScreen.storyboard in Resources */,
				1D8997DD24B8E54600003315 /* Assets.xcassets in Resources */,
				1D8997DB24B8E54500003315 /* Gallery.storyboard in Resources */,
			);
			runOnlyForDeploymentPostprocessing = 0;
		};
		1D8997E424B8E54700003315 /* Resources */ = {
			isa = PBXResourcesBuildPhase;
			buildActionMask = 2147483647;
			files = (
			);
			runOnlyForDeploymentPostprocessing = 0;
		};
		1D8997EF24B8E54700003315 /* Resources */ = {
			isa = PBXResourcesBuildPhase;
			buildActionMask = 2147483647;
			files = (
			);
			runOnlyForDeploymentPostprocessing = 0;
		};
/* End PBXResourcesBuildPhase section */

/* Begin PBXShellScriptBuildPhase section */
		123E112882B1594189FA8301 /* [CP] Check Pods Manifest.lock */ = {
			isa = PBXShellScriptBuildPhase;
			buildActionMask = 2147483647;
			files = (
			);
			inputFileListPaths = (
			);
			inputPaths = (
				"${PODS_PODFILE_DIR_PATH}/Podfile.lock",
				"${PODS_ROOT}/Manifest.lock",
			);
			name = "[CP] Check Pods Manifest.lock";
			outputFileListPaths = (
			);
			outputPaths = (
				"$(DERIVED_FILE_DIR)/Pods-RedditGallery-checkManifestLockResult.txt",
			);
			runOnlyForDeploymentPostprocessing = 0;
			shellPath = /bin/sh;
			shellScript = "diff \"${PODS_PODFILE_DIR_PATH}/Podfile.lock\" \"${PODS_ROOT}/Manifest.lock\" > /dev/null\nif [ $? != 0 ] ; then\n    # print error to STDERR\n    echo \"error: The sandbox is not in sync with the Podfile.lock. Run 'pod install' or update your CocoaPods installation.\" >&2\n    exit 1\nfi\n# This output is used by Xcode 'outputs' to avoid re-running this script phase.\necho \"SUCCESS\" > \"${SCRIPT_OUTPUT_FILE_0}\"\n";
			showEnvVarsInLog = 0;
		};
		3C2DB0E4B8AE535B600F41B9 /* [CP] Check Pods Manifest.lock */ = {
			isa = PBXShellScriptBuildPhase;
			buildActionMask = 2147483647;
			files = (
			);
			inputFileListPaths = (
			);
			inputPaths = (
				"${PODS_PODFILE_DIR_PATH}/Podfile.lock",
				"${PODS_ROOT}/Manifest.lock",
			);
			name = "[CP] Check Pods Manifest.lock";
			outputFileListPaths = (
			);
			outputPaths = (
				"$(DERIVED_FILE_DIR)/Pods-RedditGalleryTests-checkManifestLockResult.txt",
			);
			runOnlyForDeploymentPostprocessing = 0;
			shellPath = /bin/sh;
			shellScript = "diff \"${PODS_PODFILE_DIR_PATH}/Podfile.lock\" \"${PODS_ROOT}/Manifest.lock\" > /dev/null\nif [ $? != 0 ] ; then\n    # print error to STDERR\n    echo \"error: The sandbox is not in sync with the Podfile.lock. Run 'pod install' or update your CocoaPods installation.\" >&2\n    exit 1\nfi\n# This output is used by Xcode 'outputs' to avoid re-running this script phase.\necho \"SUCCESS\" > \"${SCRIPT_OUTPUT_FILE_0}\"\n";
			showEnvVarsInLog = 0;
		};
		D0B4B59BF351716CB537EC44 /* [CP] Check Pods Manifest.lock */ = {
			isa = PBXShellScriptBuildPhase;
			buildActionMask = 2147483647;
			files = (
			);
			inputFileListPaths = (
			);
			inputPaths = (
				"${PODS_PODFILE_DIR_PATH}/Podfile.lock",
				"${PODS_ROOT}/Manifest.lock",
			);
			name = "[CP] Check Pods Manifest.lock";
			outputFileListPaths = (
			);
			outputPaths = (
				"$(DERIVED_FILE_DIR)/Pods-RedditGallery-RedditGalleryUITests-checkManifestLockResult.txt",
			);
			runOnlyForDeploymentPostprocessing = 0;
			shellPath = /bin/sh;
			shellScript = "diff \"${PODS_PODFILE_DIR_PATH}/Podfile.lock\" \"${PODS_ROOT}/Manifest.lock\" > /dev/null\nif [ $? != 0 ] ; then\n    # print error to STDERR\n    echo \"error: The sandbox is not in sync with the Podfile.lock. Run 'pod install' or update your CocoaPods installation.\" >&2\n    exit 1\nfi\n# This output is used by Xcode 'outputs' to avoid re-running this script phase.\necho \"SUCCESS\" > \"${SCRIPT_OUTPUT_FILE_0}\"\n";
			showEnvVarsInLog = 0;
		};
/* End PBXShellScriptBuildPhase section */

/* Begin PBXSourcesBuildPhase section */
		1D8997CA24B8E54500003315 /* Sources */ = {
			isa = PBXSourcesBuildPhase;
			buildActionMask = 2147483647;
			files = (
				1D27B43524B9D2C3000AEC9B /* GalleryViewModelProtocol.swift in Sources */,
				1D27B43E24B9D52F000AEC9B /* GalleryCoordinatorProtocol.swift in Sources */,
				1D27B43224B9D2A2000AEC9B /* GalleryViewModel.swift in Sources */,
				1D27B44424B9D668000AEC9B /* GallerySettingsViewControllerProtocol.swift in Sources */,
				1D27B42B24B9D08E000AEC9B /* Coordinator.swift in Sources */,
				1D27B43024B9D284000AEC9B /* GalleryViewController.swift in Sources */,
				1D8997D224B8E54500003315 /* AppDelegate.swift in Sources */,
				1D27B44824B9D6B1000AEC9B /* GallerySettingsViewModelProtocol.swift in Sources */,
				1D27B44224B9D65B000AEC9B /* GallerySettingsViewController.swift in Sources */,
				1D27B44A24B9DB7A000AEC9B /* CoordinatorProtocol.swift in Sources */,
				1D8997D424B8E54500003315 /* SceneDelegate.swift in Sources */,
				1D27B43724B9D2D5000AEC9B /* GalleryViewControllerProtocol.swift in Sources */,
				1D27B44624B9D691000AEC9B /* GallerySettingsViewModel.swift in Sources */,
				1D27B43C24B9D521000AEC9B /* GalleryCoordinator.swift in Sources */,
			);
			runOnlyForDeploymentPostprocessing = 0;
		};
		1D8997E224B8E54700003315 /* Sources */ = {
			isa = PBXSourcesBuildPhase;
			buildActionMask = 2147483647;
			files = (
				1D8997EB24B8E54700003315 /* RedditGalleryTests.swift in Sources */,
			);
			runOnlyForDeploymentPostprocessing = 0;
		};
		1D8997ED24B8E54700003315 /* Sources */ = {
			isa = PBXSourcesBuildPhase;
			buildActionMask = 2147483647;
			files = (
				1D8997F624B8E54700003315 /* RedditGalleryUITests.swift in Sources */,
			);
			runOnlyForDeploymentPostprocessing = 0;
		};
/* End PBXSourcesBuildPhase section */

/* Begin PBXTargetDependency section */
		1D8997E824B8E54700003315 /* PBXTargetDependency */ = {
			isa = PBXTargetDependency;
			target = 1D8997CD24B8E54500003315 /* RedditGallery */;
			targetProxy = 1D8997E724B8E54700003315 /* PBXContainerItemProxy */;
		};
		1D8997F324B8E54700003315 /* PBXTargetDependency */ = {
			isa = PBXTargetDependency;
			target = 1D8997CD24B8E54500003315 /* RedditGallery */;
			targetProxy = 1D8997F224B8E54700003315 /* PBXContainerItemProxy */;
		};
/* End PBXTargetDependency section */

/* Begin PBXVariantGroup section */
		1D8997D924B8E54500003315 /* Gallery.storyboard */ = {
			isa = PBXVariantGroup;
			children = (
				1D8997DA24B8E54500003315 /* Base */,
			);
			name = Gallery.storyboard;
			sourceTree = "<group>";
		};
		1D8997DE24B8E54600003315 /* LaunchScreen.storyboard */ = {
			isa = PBXVariantGroup;
			children = (
				1D8997DF24B8E54600003315 /* Base */,
			);
			name = LaunchScreen.storyboard;
			sourceTree = "<group>";
		};
/* End PBXVariantGroup section */

/* Begin XCBuildConfiguration section */
		1D8997F824B8E54700003315 /* Debug */ = {
			isa = XCBuildConfiguration;
			buildSettings = {
				ALWAYS_SEARCH_USER_PATHS = NO;
				CLANG_ANALYZER_NONNULL = YES;
				CLANG_ANALYZER_NUMBER_OBJECT_CONVERSION = YES_AGGRESSIVE;
				CLANG_CXX_LANGUAGE_STANDARD = "gnu++14";
				CLANG_CXX_LIBRARY = "libc++";
				CLANG_ENABLE_MODULES = YES;
				CLANG_ENABLE_OBJC_ARC = YES;
				CLANG_ENABLE_OBJC_WEAK = YES;
				CLANG_WARN_BLOCK_CAPTURE_AUTORELEASING = YES;
				CLANG_WARN_BOOL_CONVERSION = YES;
				CLANG_WARN_COMMA = YES;
				CLANG_WARN_CONSTANT_CONVERSION = YES;
				CLANG_WARN_DEPRECATED_OBJC_IMPLEMENTATIONS = YES;
				CLANG_WARN_DIRECT_OBJC_ISA_USAGE = YES_ERROR;
				CLANG_WARN_DOCUMENTATION_COMMENTS = YES;
				CLANG_WARN_EMPTY_BODY = YES;
				CLANG_WARN_ENUM_CONVERSION = YES;
				CLANG_WARN_INFINITE_RECURSION = YES;
				CLANG_WARN_INT_CONVERSION = YES;
				CLANG_WARN_NON_LITERAL_NULL_CONVERSION = YES;
				CLANG_WARN_OBJC_IMPLICIT_RETAIN_SELF = YES;
				CLANG_WARN_OBJC_LITERAL_CONVERSION = YES;
				CLANG_WARN_OBJC_ROOT_CLASS = YES_ERROR;
				CLANG_WARN_RANGE_LOOP_ANALYSIS = YES;
				CLANG_WARN_STRICT_PROTOTYPES = YES;
				CLANG_WARN_SUSPICIOUS_MOVE = YES;
				CLANG_WARN_UNGUARDED_AVAILABILITY = YES_AGGRESSIVE;
				CLANG_WARN_UNREACHABLE_CODE = YES;
				CLANG_WARN__DUPLICATE_METHOD_MATCH = YES;
				COPY_PHASE_STRIP = NO;
				DEBUG_INFORMATION_FORMAT = dwarf;
				ENABLE_STRICT_OBJC_MSGSEND = YES;
				ENABLE_TESTABILITY = YES;
				GCC_C_LANGUAGE_STANDARD = gnu11;
				GCC_DYNAMIC_NO_PIC = NO;
				GCC_NO_COMMON_BLOCKS = YES;
				GCC_OPTIMIZATION_LEVEL = 0;
				GCC_PREPROCESSOR_DEFINITIONS = (
					"DEBUG=1",
					"$(inherited)",
				);
				GCC_WARN_64_TO_32_BIT_CONVERSION = YES;
				GCC_WARN_ABOUT_RETURN_TYPE = YES_ERROR;
				GCC_WARN_UNDECLARED_SELECTOR = YES;
				GCC_WARN_UNINITIALIZED_AUTOS = YES_AGGRESSIVE;
				GCC_WARN_UNUSED_FUNCTION = YES;
				GCC_WARN_UNUSED_VARIABLE = YES;
				IPHONEOS_DEPLOYMENT_TARGET = 13.4;
				MTL_ENABLE_DEBUG_INFO = INCLUDE_SOURCE;
				MTL_FAST_MATH = YES;
				ONLY_ACTIVE_ARCH = YES;
				SDKROOT = iphoneos;
				SWIFT_ACTIVE_COMPILATION_CONDITIONS = DEBUG;
				SWIFT_OPTIMIZATION_LEVEL = "-Onone";
			};
			name = Debug;
		};
		1D8997F924B8E54700003315 /* Release */ = {
			isa = XCBuildConfiguration;
			buildSettings = {
				ALWAYS_SEARCH_USER_PATHS = NO;
				CLANG_ANALYZER_NONNULL = YES;
				CLANG_ANALYZER_NUMBER_OBJECT_CONVERSION = YES_AGGRESSIVE;
				CLANG_CXX_LANGUAGE_STANDARD = "gnu++14";
				CLANG_CXX_LIBRARY = "libc++";
				CLANG_ENABLE_MODULES = YES;
				CLANG_ENABLE_OBJC_ARC = YES;
				CLANG_ENABLE_OBJC_WEAK = YES;
				CLANG_WARN_BLOCK_CAPTURE_AUTORELEASING = YES;
				CLANG_WARN_BOOL_CONVERSION = YES;
				CLANG_WARN_COMMA = YES;
				CLANG_WARN_CONSTANT_CONVERSION = YES;
				CLANG_WARN_DEPRECATED_OBJC_IMPLEMENTATIONS = YES;
				CLANG_WARN_DIRECT_OBJC_ISA_USAGE = YES_ERROR;
				CLANG_WARN_DOCUMENTATION_COMMENTS = YES;
				CLANG_WARN_EMPTY_BODY = YES;
				CLANG_WARN_ENUM_CONVERSION = YES;
				CLANG_WARN_INFINITE_RECURSION = YES;
				CLANG_WARN_INT_CONVERSION = YES;
				CLANG_WARN_NON_LITERAL_NULL_CONVERSION = YES;
				CLANG_WARN_OBJC_IMPLICIT_RETAIN_SELF = YES;
				CLANG_WARN_OBJC_LITERAL_CONVERSION = YES;
				CLANG_WARN_OBJC_ROOT_CLASS = YES_ERROR;
				CLANG_WARN_RANGE_LOOP_ANALYSIS = YES;
				CLANG_WARN_STRICT_PROTOTYPES = YES;
				CLANG_WARN_SUSPICIOUS_MOVE = YES;
				CLANG_WARN_UNGUARDED_AVAILABILITY = YES_AGGRESSIVE;
				CLANG_WARN_UNREACHABLE_CODE = YES;
				CLANG_WARN__DUPLICATE_METHOD_MATCH = YES;
				COPY_PHASE_STRIP = NO;
				DEBUG_INFORMATION_FORMAT = "dwarf-with-dsym";
				ENABLE_NS_ASSERTIONS = NO;
				ENABLE_STRICT_OBJC_MSGSEND = YES;
				GCC_C_LANGUAGE_STANDARD = gnu11;
				GCC_NO_COMMON_BLOCKS = YES;
				GCC_WARN_64_TO_32_BIT_CONVERSION = YES;
				GCC_WARN_ABOUT_RETURN_TYPE = YES_ERROR;
				GCC_WARN_UNDECLARED_SELECTOR = YES;
				GCC_WARN_UNINITIALIZED_AUTOS = YES_AGGRESSIVE;
				GCC_WARN_UNUSED_FUNCTION = YES;
				GCC_WARN_UNUSED_VARIABLE = YES;
				IPHONEOS_DEPLOYMENT_TARGET = 13.4;
				MTL_ENABLE_DEBUG_INFO = NO;
				MTL_FAST_MATH = YES;
				SDKROOT = iphoneos;
				SWIFT_COMPILATION_MODE = wholemodule;
				SWIFT_OPTIMIZATION_LEVEL = "-O";
				VALIDATE_PRODUCT = YES;
			};
			name = Release;
		};
		1D8997FB24B8E54700003315 /* Debug */ = {
			isa = XCBuildConfiguration;
			baseConfigurationReference = 79C2EC68A83C1FE1E351CFA2 /* Pods-RedditGallery.debug.xcconfig */;
			buildSettings = {
				ASSETCATALOG_COMPILER_APPICON_NAME = AppIcon;
				CODE_SIGN_IDENTITY = "Apple Development";
				CODE_SIGN_STYLE = Automatic;
				DEVELOPMENT_TEAM = 5SAN32BM2P;
				INFOPLIST_FILE = RedditGallery/Info.plist;
				IPHONEOS_DEPLOYMENT_TARGET = 13.0;
				LD_RUNPATH_SEARCH_PATHS = (
					"$(inherited)",
					"@executable_path/Frameworks",
				);
				PRODUCT_BUNDLE_IDENTIFIER = com.testapp.RedditGallery;
				PRODUCT_NAME = "$(TARGET_NAME)";
				PROVISIONING_PROFILE_SPECIFIER = "";
				SWIFT_VERSION = 5.0;
				TARGETED_DEVICE_FAMILY = "1,2";
			};
			name = Debug;
		};
		1D8997FC24B8E54700003315 /* Release */ = {
			isa = XCBuildConfiguration;
			baseConfigurationReference = DC003FC5AF1A8BB0569558A0 /* Pods-RedditGallery.release.xcconfig */;
			buildSettings = {
				ASSETCATALOG_COMPILER_APPICON_NAME = AppIcon;
				CODE_SIGN_IDENTITY = "Apple Development";
				CODE_SIGN_STYLE = Automatic;
				DEVELOPMENT_TEAM = 5SAN32BM2P;
				INFOPLIST_FILE = RedditGallery/Info.plist;
				IPHONEOS_DEPLOYMENT_TARGET = 13.0;
				LD_RUNPATH_SEARCH_PATHS = (
					"$(inherited)",
					"@executable_path/Frameworks",
				);
				PRODUCT_BUNDLE_IDENTIFIER = com.testapp.RedditGallery;
				PRODUCT_NAME = "$(TARGET_NAME)";
				PROVISIONING_PROFILE_SPECIFIER = "";
				SWIFT_VERSION = 5.0;
				TARGETED_DEVICE_FAMILY = "1,2";
			};
			name = Release;
		};
		1D8997FE24B8E54700003315 /* Debug */ = {
			isa = XCBuildConfiguration;
			baseConfigurationReference = E718EB01636B625000BBA55D /* Pods-RedditGalleryTests.debug.xcconfig */;
			buildSettings = {
				ALWAYS_EMBED_SWIFT_STANDARD_LIBRARIES = YES;
				BUNDLE_LOADER = "$(TEST_HOST)";
				CODE_SIGN_STYLE = Automatic;
				DEVELOPMENT_TEAM = 5SAN32BM2P;
				INFOPLIST_FILE = RedditGalleryTests/Info.plist;
				IPHONEOS_DEPLOYMENT_TARGET = 13.4;
				LD_RUNPATH_SEARCH_PATHS = (
					"$(inherited)",
					"@executable_path/Frameworks",
					"@loader_path/Frameworks",
				);
				PRODUCT_BUNDLE_IDENTIFIER = com.testapp.RedditGalleryTests;
				PRODUCT_NAME = "$(TARGET_NAME)";
				SWIFT_VERSION = 5.0;
				TARGETED_DEVICE_FAMILY = "1,2";
				TEST_HOST = "$(BUILT_PRODUCTS_DIR)/RedditGallery.app/RedditGallery";
			};
			name = Debug;
		};
		1D8997FF24B8E54700003315 /* Release */ = {
			isa = XCBuildConfiguration;
			baseConfigurationReference = 9FF531BB9EACA00D2972CFFE /* Pods-RedditGalleryTests.release.xcconfig */;
			buildSettings = {
				ALWAYS_EMBED_SWIFT_STANDARD_LIBRARIES = YES;
				BUNDLE_LOADER = "$(TEST_HOST)";
				CODE_SIGN_STYLE = Automatic;
				DEVELOPMENT_TEAM = 5SAN32BM2P;
				INFOPLIST_FILE = RedditGalleryTests/Info.plist;
				IPHONEOS_DEPLOYMENT_TARGET = 13.4;
				LD_RUNPATH_SEARCH_PATHS = (
					"$(inherited)",
					"@executable_path/Frameworks",
					"@loader_path/Frameworks",
				);
				PRODUCT_BUNDLE_IDENTIFIER = com.testapp.RedditGalleryTests;
				PRODUCT_NAME = "$(TARGET_NAME)";
				SWIFT_VERSION = 5.0;
				TARGETED_DEVICE_FAMILY = "1,2";
				TEST_HOST = "$(BUILT_PRODUCTS_DIR)/RedditGallery.app/RedditGallery";
			};
			name = Release;
		};
		1D89980124B8E54700003315 /* Debug */ = {
			isa = XCBuildConfiguration;
			baseConfigurationReference = 1F67F3322E5925BA0809DAED /* Pods-RedditGallery-RedditGalleryUITests.debug.xcconfig */;
			buildSettings = {
				ALWAYS_EMBED_SWIFT_STANDARD_LIBRARIES = YES;
				CODE_SIGN_STYLE = Automatic;
				DEVELOPMENT_TEAM = 5SAN32BM2P;
				INFOPLIST_FILE = RedditGalleryUITests/Info.plist;
				LD_RUNPATH_SEARCH_PATHS = (
					"$(inherited)",
					"@executable_path/Frameworks",
					"@loader_path/Frameworks",
				);
				PRODUCT_BUNDLE_IDENTIFIER = com.testapp.RedditGalleryUITests;
				PRODUCT_NAME = "$(TARGET_NAME)";
				SWIFT_VERSION = 5.0;
				TARGETED_DEVICE_FAMILY = "1,2";
				TEST_TARGET_NAME = RedditGallery;
			};
			name = Debug;
		};
		1D89980224B8E54700003315 /* Release */ = {
			isa = XCBuildConfiguration;
			baseConfigurationReference = 43F18D26048C8D90A5C4D122 /* Pods-RedditGallery-RedditGalleryUITests.release.xcconfig */;
			buildSettings = {
				ALWAYS_EMBED_SWIFT_STANDARD_LIBRARIES = YES;
				CODE_SIGN_STYLE = Automatic;
				DEVELOPMENT_TEAM = 5SAN32BM2P;
				INFOPLIST_FILE = RedditGalleryUITests/Info.plist;
				LD_RUNPATH_SEARCH_PATHS = (
					"$(inherited)",
					"@executable_path/Frameworks",
					"@loader_path/Frameworks",
				);
				PRODUCT_BUNDLE_IDENTIFIER = com.testapp.RedditGalleryUITests;
				PRODUCT_NAME = "$(TARGET_NAME)";
				SWIFT_VERSION = 5.0;
				TARGETED_DEVICE_FAMILY = "1,2";
				TEST_TARGET_NAME = RedditGallery;
			};
			name = Release;
		};
/* End XCBuildConfiguration section */

/* Begin XCConfigurationList section */
		1D8997C924B8E54500003315 /* Build configuration list for PBXProject "RedditGallery" */ = {
			isa = XCConfigurationList;
			buildConfigurations = (
				1D8997F824B8E54700003315 /* Debug */,
				1D8997F924B8E54700003315 /* Release */,
			);
			defaultConfigurationIsVisible = 0;
			defaultConfigurationName = Release;
		};
		1D8997FA24B8E54700003315 /* Build configuration list for PBXNativeTarget "RedditGallery" */ = {
			isa = XCConfigurationList;
			buildConfigurations = (
				1D8997FB24B8E54700003315 /* Debug */,
				1D8997FC24B8E54700003315 /* Release */,
			);
			defaultConfigurationIsVisible = 0;
			defaultConfigurationName = Release;
		};
		1D8997FD24B8E54700003315 /* Build configuration list for PBXNativeTarget "RedditGalleryTests" */ = {
			isa = XCConfigurationList;
			buildConfigurations = (
				1D8997FE24B8E54700003315 /* Debug */,
				1D8997FF24B8E54700003315 /* Release */,
			);
			defaultConfigurationIsVisible = 0;
			defaultConfigurationName = Release;
		};
		1D89980024B8E54700003315 /* Build configuration list for PBXNativeTarget "RedditGalleryUITests" */ = {
			isa = XCConfigurationList;
			buildConfigurations = (
				1D89980124B8E54700003315 /* Debug */,
				1D89980224B8E54700003315 /* Release */,
			);
			defaultConfigurationIsVisible = 0;
			defaultConfigurationName = Release;
		};
/* End XCConfigurationList section */
	};
	rootObject = 1D8997C624B8E54500003315 /* Project object */;
}
